
Microsoft Visual Studio Solution File, Format Version 12.00
# Visual Studio Version 17
VisualStudioVersion = 17.7.34003.232
MinimumVisualStudioVersion = 10.0.40219.1
Project("{FAE04EC0-301F-11D3-BF4B-00C04F79EFBC}") = "MoviesApp.Web", "MoviesApp.Web\MoviesApp.Web.csproj", "{B3EE558A-0CF3-4508-8BE6-E196DFFAD8F9}"
EndProject
Global
	GlobalSection(SolutionConfigurationPlatforms) = preSolution
		Debug|Any CPU = Debug|Any CPU
		Release|Any CPU = Release|Any CPU
	EndGlobalSection
	GlobalSection(ProjectConfigurationPlatforms) = postSolution
		{B3EE558A-0CF3-4508-8BE6-E196DFFAD8F9}.Debug|Any CPU.ActiveCfg = Debug|Any CPU
		{B3EE558A-0CF3-4508-8BE6-E196DFFAD8F9}.Debug|Any CPU.Build.0 = Debug|Any CPU
		{B3EE558A-0CF3-4508-8BE6-E196DFFAD8F9}.Release|Any CPU.ActiveCfg = Release|Any CPU
		{B3EE558A-0CF3-4508-8BE6-E196DFFAD8F9}.Release|Any CPU.Build.0 = Release|Any CPU
	EndGlobalSection
	GlobalSection(SolutionProperties) = preSolution
		HideSolutionNode = FALSE
	EndGlobalSection
	GlobalSection(ExtensibilityGlobals) = postSolution
		SolutionGuid = {D162CAB2-7504-47D7-954B-C93A30D57056}
	EndGlobalSection
EndGlobal
