
Microsoft Visual Studio Solution File, Format Version 12.00
# Visual Studio Version 17
VisualStudioVersion = 17.6.33829.357
MinimumVisualStudioVersion = 10.0.40219.1
Project("{FAE04EC0-301F-11D3-BF4B-00C04F79EFBC}") = "Homework1", "Homework1\Homework1.csproj", "{4E6CA034-C4A2-4EA4-B1F1-7B844FD79D29}"
EndProject
Global
	GlobalSection(SolutionConfigurationPlatforms) = preSolution
		Debug|Any CPU = Debug|Any CPU
		Release|Any CPU = Release|Any CPU
	EndGlobalSection
	GlobalSection(ProjectConfigurationPlatforms) = postSolution
		{4E6CA034-C4A2-4EA4-B1F1-7B844FD79D29}.Debug|Any CPU.ActiveCfg = Debug|Any CPU
		{4E6CA034-C4A2-4EA4-B1F1-7B844FD79D29}.Debug|Any CPU.Build.0 = Debug|Any CPU
		{4E6CA034-C4A2-4EA4-B1F1-7B844FD79D29}.Release|Any CPU.ActiveCfg = Release|Any CPU
		{4E6CA034-C4A2-4EA4-B1F1-7B844FD79D29}.Release|Any CPU.Build.0 = Release|Any CPU
	EndGlobalSection
	GlobalSection(SolutionProperties) = preSolution
		HideSolutionNode = FALSE
	EndGlobalSection
	GlobalSection(ExtensibilityGlobals) = postSolution
		SolutionGuid = {904CB3AC-FD12-4DED-BA44-01A63AF03A2A}
	EndGlobalSection
EndGlobal
